// !$*UTF8*$!
{
	archiveVersion = 1;
	classes = {
	};
	objectVersion = 46;
	objects = {

/* Begin PBXBuildFile section */
		86DAB34C18B28CE2003477A8 /* Foundation.framework in Frameworks */ = {isa = PBXBuildFile; fileRef = 86DAB34B18B28CE2003477A8 /* Foundation.framework */; };
		86DAB34E18B28CE2003477A8 /* CoreGraphics.framework in Frameworks */ = {isa = PBXBuildFile; fileRef = 86DAB34D18B28CE2003477A8 /* CoreGraphics.framework */; };
		86DAB35018B28CE2003477A8 /* UIKit.framework in Frameworks */ = {isa = PBXBuildFile; fileRef = 86DAB34F18B28CE2003477A8 /* UIKit.framework */; };
		86DAB35218B28CE2003477A8 /* SpriteKit.framework in Frameworks */ = {isa = PBXBuildFile; fileRef = 86DAB35118B28CE2003477A8 /* SpriteKit.framework */; };
		86DAB35818B28CE2003477A8 /* InfoPlist.strings in Resources */ = {isa = PBXBuildFile; fileRef = 86DAB35618B28CE2003477A8 /* InfoPlist.strings */; };
		86DAB35A18B28CE2003477A8 /* main.m in Sources */ = {isa = PBXBuildFile; fileRef = 86DAB35918B28CE2003477A8 /* main.m */; };
		86DAB35E18B28CE2003477A8 /* NRAppDelegate.m in Sources */ = {isa = PBXBuildFile; fileRef = 86DAB35D18B28CE2003477A8 /* NRAppDelegate.m */; };
		86DAB36118B28CE2003477A8 /* Main.storyboard in Resources */ = {isa = PBXBuildFile; fileRef = 86DAB35F18B28CE2003477A8 /* Main.storyboard */; };
		86DAB36418B28CE2003477A8 /* NRViewController.m in Sources */ = {isa = PBXBuildFile; fileRef = 86DAB36318B28CE2003477A8 /* NRViewController.m */; };
		86DAB36718B28CE2003477A8 /* NRMyScene.m in Sources */ = {isa = PBXBuildFile; fileRef = 86DAB36618B28CE2003477A8 /* NRMyScene.m */; };
		86DAB36918B28CE2003477A8 /* Spaceship.png in Resources */ = {isa = PBXBuildFile; fileRef = 86DAB36818B28CE2003477A8 /* Spaceship.png */; };
		86DAB36B18B28CE2003477A8 /* Images.xcassets in Resources */ = {isa = PBXBuildFile; fileRef = 86DAB36A18B28CE2003477A8 /* Images.xcassets */; };
		86DAB37218B28CE2003477A8 /* XCTest.framework in Frameworks */ = {isa = PBXBuildFile; fileRef = 86DAB37118B28CE2003477A8 /* XCTest.framework */; };
		86DAB37318B28CE2003477A8 /* Foundation.framework in Frameworks */ = {isa = PBXBuildFile; fileRef = 86DAB34B18B28CE2003477A8 /* Foundation.framework */; };
		86DAB37418B28CE2003477A8 /* UIKit.framework in Frameworks */ = {isa = PBXBuildFile; fileRef = 86DAB34F18B28CE2003477A8 /* UIKit.framework */; };
		86DAB37C18B28CE2003477A8 /* InfoPlist.strings in Resources */ = {isa = PBXBuildFile; fileRef = 86DAB37A18B28CE2003477A8 /* InfoPlist.strings */; };
		86DAB37E18B28CE2003477A8 /* Testing_SpriteTests.m in Sources */ = {isa = PBXBuildFile; fileRef = 86DAB37D18B28CE2003477A8 /* Testing_SpriteTests.m */; };
/* End PBXBuildFile section */

/* Begin PBXContainerItemProxy section */
		86DAB37518B28CE2003477A8 /* PBXContainerItemProxy */ = {
			isa = PBXContainerItemProxy;
			containerPortal = 86DAB34018B28CE2003477A8 /* Project object */;
			proxyType = 1;
			remoteGlobalIDString = 86DAB34718B28CE2003477A8;
			remoteInfo = "Testing Sprite";
		};
/* End PBXContainerItemProxy section */

/* Begin PBXFileReference section */
		86DAB34818B28CE2003477A8 /* Testing Sprite.app */ = {isa = PBXFileReference; explicitFileType = wrapper.application; includeInIndex = 0; path = "Testing Sprite.app"; sourceTree = BUILT_PRODUCTS_DIR; };
		86DAB34B18B28CE2003477A8 /* Foundation.framework */ = {isa = PBXFileReference; lastKnownFileType = wrapper.framework; name = Foundation.framework; path = System/Library/Frameworks/Foundation.framework; sourceTree = SDKROOT; };
		86DAB34D18B28CE2003477A8 /* CoreGraphics.framework */ = {isa = PBXFileReference; lastKnownFileType = wrapper.framework; name = CoreGraphics.framework; path = System/Library/Frameworks/CoreGraphics.framework; sourceTree = SDKROOT; };
		86DAB34F18B28CE2003477A8 /* UIKit.framework */ = {isa = PBXFileReference; lastKnownFileType = wrapper.framework; name = UIKit.framework; path = System/Library/Frameworks/UIKit.framework; sourceTree = SDKROOT; };
		86DAB35118B28CE2003477A8 /* SpriteKit.framework */ = {isa = PBXFileReference; lastKnownFileType = wrapper.framework; name = SpriteKit.framework; path = System/Library/Frameworks/SpriteKit.framework; sourceTree = SDKROOT; };
		86DAB35518B28CE2003477A8 /* Testing Sprite-Info.plist */ = {isa = PBXFileReference; lastKnownFileType = text.plist.xml; path = "Testing Sprite-Info.plist"; sourceTree = "<group>"; };
		86DAB35718B28CE2003477A8 /* en */ = {isa = PBXFileReference; lastKnownFileType = text.plist.strings; name = en; path = en.lproj/InfoPlist.strings; sourceTree = "<group>"; };
		86DAB35918B28CE2003477A8 /* main.m */ = {isa = PBXFileReference; lastKnownFileType = sourcecode.c.objc; path = main.m; sourceTree = "<group>"; };
		86DAB35B18B28CE2003477A8 /* Testing Sprite-Prefix.pch */ = {isa = PBXFileReference; lastKnownFileType = sourcecode.c.h; path = "Testing Sprite-Prefix.pch"; sourceTree = "<group>"; };
		86DAB35C18B28CE2003477A8 /* NRAppDelegate.h */ = {isa = PBXFileReference; lastKnownFileType = sourcecode.c.h; path = NRAppDelegate.h; sourceTree = "<group>"; };
		86DAB35D18B28CE2003477A8 /* NRAppDelegate.m */ = {isa = PBXFileReference; lastKnownFileType = sourcecode.c.objc; path = NRAppDelegate.m; sourceTree = "<group>"; };
		86DAB36018B28CE2003477A8 /* Base */ = {isa = PBXFileReference; lastKnownFileType = file.storyboard; name = Base; path = Base.lproj/Main.storyboard; sourceTree = "<group>"; };
		86DAB36218B28CE2003477A8 /* NRViewController.h */ = {isa = PBXFileReference; lastKnownFileType = sourcecode.c.h; path = NRViewController.h; sourceTree = "<group>"; };
		86DAB36318B28CE2003477A8 /* NRViewController.m */ = {isa = PBXFileReference; lastKnownFileType = sourcecode.c.objc; path = NRViewController.m; sourceTree = "<group>"; };
		86DAB36518B28CE2003477A8 /* NRMyScene.h */ = {isa = PBXFileReference; lastKnownFileType = sourcecode.c.h; path = NRMyScene.h; sourceTree = "<group>"; };
		86DAB36618B28CE2003477A8 /* NRMyScene.m */ = {isa = PBXFileReference; lastKnownFileType = sourcecode.c.objc; path = NRMyScene.m; sourceTree = "<group>"; };
		86DAB36818B28CE2003477A8 /* Spaceship.png */ = {isa = PBXFileReference; lastKnownFileType = image.png; path = Spaceship.png; sourceTree = "<group>"; };
		86DAB36A18B28CE2003477A8 /* Images.xcassets */ = {isa = PBXFileReference; lastKnownFileType = folder.assetcatalog; path = Images.xcassets; sourceTree = "<group>"; };
		86DAB37018B28CE2003477A8 /* Testing SpriteTests.xctest */ = {isa = PBXFileReference; explicitFileType = wrapper.cfbundle; includeInIndex = 0; path = "Testing SpriteTests.xctest"; sourceTree = BUILT_PRODUCTS_DIR; };
		86DAB37118B28CE2003477A8 /* XCTest.framework */ = {isa = PBXFileReference; lastKnownFileType = wrapper.framework; name = XCTest.framework; path = Library/Frameworks/XCTest.framework; sourceTree = DEVELOPER_DIR; };
		86DAB37918B28CE2003477A8 /* Testing SpriteTests-Info.plist */ = {isa = PBXFileReference; lastKnownFileType = text.plist.xml; path = "Testing SpriteTests-Info.plist"; sourceTree = "<group>"; };
		86DAB37B18B28CE2003477A8 /* en */ = {isa = PBXFileReference; lastKnownFileType = text.plist.strings; name = en; path = en.lproj/InfoPlist.strings; sourceTree = "<group>"; };
		86DAB37D18B28CE2003477A8 /* Testing_SpriteTests.m */ = {isa = PBXFileReference; lastKnownFileType = sourcecode.c.objc; path = Testing_SpriteTests.m; sourceTree = "<group>"; };
/* End PBXFileReference section */

/* Begin PBXFrameworksBuildPhase section */
		86DAB34518B28CE2003477A8 /* Frameworks */ = {
			isa = PBXFrameworksBuildPhase;
			buildActionMask = 2147483647;
			files = (
				86DAB34E18B28CE2003477A8 /* CoreGraphics.framework in Frameworks */,
				86DAB35018B28CE2003477A8 /* UIKit.framework in Frameworks */,
				86DAB35218B28CE2003477A8 /* SpriteKit.framework in Frameworks */,
				86DAB34C18B28CE2003477A8 /* Foundation.framework in Frameworks */,
			);
			runOnlyForDeploymentPostprocessing = 0;
		};
		86DAB36D18B28CE2003477A8 /* Frameworks */ = {
			isa = PBXFrameworksBuildPhase;
			buildActionMask = 2147483647;
			files = (
				86DAB37218B28CE2003477A8 /* XCTest.framework in Frameworks */,
				86DAB37418B28CE2003477A8 /* UIKit.framework in Frameworks */,
				86DAB37318B28CE2003477A8 /* Foundation.framework in Frameworks */,
			);
			runOnlyForDeploymentPostprocessing = 0;
		};
/* End PBXFrameworksBuildPhase section */

/* Begin PBXGroup section */
		86DAB33F18B28CE2003477A8 = {
			isa = PBXGroup;
			children = (
				86DAB35318B28CE2003477A8 /* Testing Sprite */,
				86DAB37718B28CE2003477A8 /* Testing SpriteTests */,
				86DAB34A18B28CE2003477A8 /* Frameworks */,
				86DAB34918B28CE2003477A8 /* Products */,
			);
			sourceTree = "<group>";
		};
		86DAB34918B28CE2003477A8 /* Products */ = {
			isa = PBXGroup;
			children = (
				86DAB34818B28CE2003477A8 /* Testing Sprite.app */,
				86DAB37018B28CE2003477A8 /* Testing SpriteTests.xctest */,
			);
			name = Products;
			sourceTree = "<group>";
		};
		86DAB34A18B28CE2003477A8 /* Frameworks */ = {
			isa = PBXGroup;
			children = (
				86DAB34B18B28CE2003477A8 /* Foundation.framework */,
				86DAB34D18B28CE2003477A8 /* CoreGraphics.framework */,
				86DAB34F18B28CE2003477A8 /* UIKit.framework */,
				86DAB35118B28CE2003477A8 /* SpriteKit.framework */,
				86DAB37118B28CE2003477A8 /* XCTest.framework */,
			);
			name = Frameworks;
			sourceTree = "<group>";
		};
		86DAB35318B28CE2003477A8 /* Testing Sprite */ = {
			isa = PBXGroup;
			children = (
				86DAB35C18B28CE2003477A8 /* NRAppDelegate.h */,
				86DAB35D18B28CE2003477A8 /* NRAppDelegate.m */,
				86DAB35F18B28CE2003477A8 /* Main.storyboard */,
				86DAB36218B28CE2003477A8 /* NRViewController.h */,
				86DAB36318B28CE2003477A8 /* NRViewController.m */,
				86DAB36518B28CE2003477A8 /* NRMyScene.h */,
				86DAB36618B28CE2003477A8 /* NRMyScene.m */,
				86DAB36818B28CE2003477A8 /* Spaceship.png */,
				86DAB36A18B28CE2003477A8 /* Images.xcassets */,
				86DAB35418B28CE2003477A8 /* Supporting Files */,
			);
			path = "Testing Sprite";
			sourceTree = "<group>";
		};
		86DAB35418B28CE2003477A8 /* Supporting Files */ = {
			isa = PBXGroup;
			children = (
				86DAB35518B28CE2003477A8 /* Testing Sprite-Info.plist */,
				86DAB35618B28CE2003477A8 /* InfoPlist.strings */,
				86DAB35918B28CE2003477A8 /* main.m */,
				86DAB35B18B28CE2003477A8 /* Testing Sprite-Prefix.pch */,
			);
			name = "Supporting Files";
			sourceTree = "<group>";
		};
		86DAB37718B28CE2003477A8 /* Testing SpriteTests */ = {
			isa = PBXGroup;
			children = (
				86DAB37D18B28CE2003477A8 /* Testing_SpriteTests.m */,
				86DAB37818B28CE2003477A8 /* Supporting Files */,
			);
			path = "Testing SpriteTests";
			sourceTree = "<group>";
		};
		86DAB37818B28CE2003477A8 /* Supporting Files */ = {
			isa = PBXGroup;
			children = (
				86DAB37918B28CE2003477A8 /* Testing SpriteTests-Info.plist */,
				86DAB37A18B28CE2003477A8 /* InfoPlist.strings */,
			);
			name = "Supporting Files";
			sourceTree = "<group>";
		};
/* End PBXGroup section */

/* Begin PBXNativeTarget section */
		86DAB34718B28CE2003477A8 /* Testing Sprite */ = {
			isa = PBXNativeTarget;
			buildConfigurationList = 86DAB38118B28CE2003477A8 /* Build configuration list for PBXNativeTarget "Testing Sprite" */;
			buildPhases = (
				86DAB34418B28CE2003477A8 /* Sources */,
				86DAB34518B28CE2003477A8 /* Frameworks */,
				86DAB34618B28CE2003477A8 /* Resources */,
			);
			buildRules = (
			);
			dependencies = (
			);
			name = "Testing Sprite";
			productName = "Testing Sprite";
			productReference = 86DAB34818B28CE2003477A8 /* Testing Sprite.app */;
			productType = "com.apple.product-type.application";
		};
		86DAB36F18B28CE2003477A8 /* Testing SpriteTests */ = {
			isa = PBXNativeTarget;
			buildConfigurationList = 86DAB38418B28CE2003477A8 /* Build configuration list for PBXNativeTarget "Testing SpriteTests" */;
			buildPhases = (
				86DAB36C18B28CE2003477A8 /* Sources */,
				86DAB36D18B28CE2003477A8 /* Frameworks */,
				86DAB36E18B28CE2003477A8 /* Resources */,
			);
			buildRules = (
			);
			dependencies = (
				86DAB37618B28CE2003477A8 /* PBXTargetDependency */,
			);
			name = "Testing SpriteTests";
			productName = "Testing SpriteTests";
			productReference = 86DAB37018B28CE2003477A8 /* Testing SpriteTests.xctest */;
			productType = "com.apple.product-type.bundle.unit-test";
		};
/* End PBXNativeTarget section */

/* Begin PBXProject section */
		86DAB34018B28CE2003477A8 /* Project object */ = {
			isa = PBXProject;
			attributes = {
				CLASSPREFIX = NR;
				LastUpgradeCheck = 0500;
				ORGANIZATIONNAME = "Nathan Richard";
				TargetAttributes = {
					86DAB36F18B28CE2003477A8 = {
						TestTargetID = 86DAB34718B28CE2003477A8;
					};
				};
			};
			buildConfigurationList = 86DAB34318B28CE2003477A8 /* Build configuration list for PBXProject "Testing Sprite" */;
			compatibilityVersion = "Xcode 3.2";
			developmentRegion = English;
			hasScannedForEncodings = 0;
			knownRegions = (
				en,
				Base,
			);
			mainGroup = 86DAB33F18B28CE2003477A8;
			productRefGroup = 86DAB34918B28CE2003477A8 /* Products */;
			projectDirPath = "";
			projectRoot = "";
			targets = (
				86DAB34718B28CE2003477A8 /* Testing Sprite */,
				86DAB36F18B28CE2003477A8 /* Testing SpriteTests */,
			);
		};
/* End PBXProject section */

/* Begin PBXResourcesBuildPhase section */
		86DAB34618B28CE2003477A8 /* Resources */ = {
			isa = PBXResourcesBuildPhase;
			buildActionMask = 2147483647;
			files = (
				86DAB35818B28CE2003477A8 /* InfoPlist.strings in Resources */,
				86DAB36B18B28CE2003477A8 /* Images.xcassets in Resources */,
				86DAB36918B28CE2003477A8 /* Spaceship.png in Resources */,
				86DAB36118B28CE2003477A8 /* Main.storyboard in Resources */,
			);
			runOnlyForDeploymentPostprocessing = 0;
		};
		86DAB36E18B28CE2003477A8 /* Resources */ = {
			isa = PBXResourcesBuildPhase;
			buildActionMask = 2147483647;
			files = (
				86DAB37C18B28CE2003477A8 /* InfoPlist.strings in Resources */,
			);
			runOnlyForDeploymentPostprocessing = 0;
		};
/* End PBXResourcesBuildPhase section */

/* Begin PBXSourcesBuildPhase section */
		86DAB34418B28CE2003477A8 /* Sources */ = {
			isa = PBXSourcesBuildPhase;
			buildActionMask = 2147483647;
			files = (
				86DAB36418B28CE2003477A8 /* NRViewController.m in Sources */,
				86DAB35E18B28CE2003477A8 /* NRAppDelegate.m in Sources */,
				86DAB36718B28CE2003477A8 /* NRMyScene.m in Sources */,
				86DAB35A18B28CE2003477A8 /* main.m in Sources */,
			);
			runOnlyForDeploymentPostprocessing = 0;
		};
		86DAB36C18B28CE2003477A8 /* Sources */ = {
			isa = PBXSourcesBuildPhase;
			buildActionMask = 2147483647;
			files = (
				86DAB37E18B28CE2003477A8 /* Testing_SpriteTests.m in Sources */,
			);
			runOnlyForDeploymentPostprocessing = 0;
		};
/* End PBXSourcesBuildPhase section */

/* Begin PBXTargetDependency section */
		86DAB37618B28CE2003477A8 /* PBXTargetDependency */ = {
			isa = PBXTargetDependency;
			target = 86DAB34718B28CE2003477A8 /* Testing Sprite */;
			targetProxy = 86DAB37518B28CE2003477A8 /* PBXContainerItemProxy */;
		};
/* End PBXTargetDependency section */

/* Begin PBXVariantGroup section */
		86DAB35618B28CE2003477A8 /* InfoPlist.strings */ = {
			isa = PBXVariantGroup;
			children = (
				86DAB35718B28CE2003477A8 /* en */,
			);
			name = InfoPlist.strings;
			sourceTree = "<group>";
		};
		86DAB35F18B28CE2003477A8 /* Main.storyboard */ = {
			isa = PBXVariantGroup;
			children = (
				86DAB36018B28CE2003477A8 /* Base */,
			);
			name = Main.storyboard;
			sourceTree = "<group>";
		};
		86DAB37A18B28CE2003477A8 /* InfoPlist.strings */ = {
			isa = PBXVariantGroup;
			children = (
				86DAB37B18B28CE2003477A8 /* en */,
			);
			name = InfoPlist.strings;
			sourceTree = "<group>";
		};
/* End PBXVariantGroup section */

/* Begin XCBuildConfiguration section */
		86DAB37F18B28CE2003477A8 /* Debug */ = {
			isa = XCBuildConfiguration;
			buildSettings = {
				ALWAYS_SEARCH_USER_PATHS = NO;
				ARCHS = "$(ARCHS_STANDARD_INCLUDING_64_BIT)";
				CLANG_CXX_LANGUAGE_STANDARD = "gnu++0x";
				CLANG_CXX_LIBRARY = "libc++";
				CLANG_ENABLE_MODULES = YES;
				CLANG_ENABLE_OBJC_ARC = YES;
				CLANG_WARN_BOOL_CONVERSION = YES;
				CLANG_WARN_CONSTANT_CONVERSION = YES;
				CLANG_WARN_DIRECT_OBJC_ISA_USAGE = YES_ERROR;
				CLANG_WARN_EMPTY_BODY = YES;
				CLANG_WARN_ENUM_CONVERSION = YES;
				CLANG_WARN_INT_CONVERSION = YES;
				CLANG_WARN_OBJC_ROOT_CLASS = YES_ERROR;
				CLANG_WARN__DUPLICATE_METHOD_MATCH = YES;
				"CODE_SIGN_IDENTITY[sdk=iphoneos*]" = "iPhone Developer";
				COPY_PHASE_STRIP = NO;
				GCC_C_LANGUAGE_STANDARD = gnu99;
				GCC_DYNAMIC_NO_PIC = NO;
				GCC_OPTIMIZATION_LEVEL = 0;
				GCC_PREPROCESSOR_DEFINITIONS = (
					"DEBUG=1",
					"$(inherited)",
				);
				GCC_SYMBOLS_PRIVATE_EXTERN = NO;
				GCC_WARN_64_TO_32_BIT_CONVERSION = YES;
				GCC_WARN_ABOUT_RETURN_TYPE = YES_ERROR;
				GCC_WARN_UNDECLARED_SELECTOR = YES;
				GCC_WARN_UNINITIALIZED_AUTOS = YES;
				GCC_WARN_UNUSED_FUNCTION = YES;
				GCC_WARN_UNUSED_VARIABLE = YES;
				IPHONEOS_DEPLOYMENT_TARGET = 7.0;
				ONLY_ACTIVE_ARCH = YES;
				SDKROOT = iphoneos;
			};
			name = Debug;
		};
		86DAB38018B28CE2003477A8 /* Release */ = {
			isa = XCBuildConfiguration;
			buildSettings = {
				ALWAYS_SEARCH_USER_PATHS = NO;
				ARCHS = "$(ARCHS_STANDARD_INCLUDING_64_BIT)";
				CLANG_CXX_LANGUAGE_STANDARD = "gnu++0x";
				CLANG_CXX_LIBRARY = "libc++";
				CLANG_ENABLE_MODULES = YES;
				CLANG_ENABLE_OBJC_ARC = YES;
				CLANG_WARN_BOOL_CONVERSION = YES;
				CLANG_WARN_CONSTANT_CONVERSION = YES;
				CLANG_WARN_DIRECT_OBJC_ISA_USAGE = YES_ERROR;
				CLANG_WARN_EMPTY_BODY = YES;
				CLANG_WARN_ENUM_CONVERSION = YES;
				CLANG_WARN_INT_CONVERSION = YES;
				CLANG_WARN_OBJC_ROOT_CLASS = YES_ERROR;
				CLANG_WARN__DUPLICATE_METHOD_MATCH = YES;
				"CODE_SIGN_IDENTITY[sdk=iphoneos*]" = "iPhone Developer";
				COPY_PHASE_STRIP = YES;
				ENABLE_NS_ASSERTIONS = NO;
				GCC_C_LANGUAGE_STANDARD = gnu99;
				GCC_WARN_64_TO_32_BIT_CONVERSION = YES;
				GCC_WARN_ABOUT_RETURN_TYPE = YES_ERROR;
				GCC_WARN_UNDECLARED_SELECTOR = YES;
				GCC_WARN_UNINITIALIZED_AUTOS = YES;
				GCC_WARN_UNUSED_FUNCTION = YES;
				GCC_WARN_UNUSED_VARIABLE = YES;
				IPHONEOS_DEPLOYMENT_TARGET = 7.0;
				SDKROOT = iphoneos;
				VALIDATE_PRODUCT = YES;
			};
			name = Release;
		};
		86DAB38218B28CE2003477A8 /* Debug */ = {
			isa = XCBuildConfiguration;
			buildSettings = {
				ASSETCATALOG_COMPILER_APPICON_NAME = AppIcon;
				ASSETCATALOG_COMPILER_LAUNCHIMAGE_NAME = LaunchImage;
				GCC_PRECOMPILE_PREFIX_HEADER = YES;
				GCC_PREFIX_HEADER = "Testing Sprite/Testing Sprite-Prefix.pch";
				INFOPLIST_FILE = "Testing Sprite/Testing Sprite-Info.plist";
				PRODUCT_NAME = "$(TARGET_NAME)";
				SPRITEKIT_TEXTURE_ATLAS_OUTPUT = YES;
				WRAPPER_EXTENSION = app;
			};
			name = Debug;
		};
		86DAB38318B28CE2003477A8 /* Release */ = {
			isa = XCBuildConfiguration;
			buildSettings = {
				ASSETCATALOG_COMPILER_APPICON_NAME = AppIcon;
				ASSETCATALOG_COMPILER_LAUNCHIMAGE_NAME = LaunchImage;
				GCC_PRECOMPILE_PREFIX_HEADER = YES;
				GCC_PREFIX_HEADER = "Testing Sprite/Testing Sprite-Prefix.pch";
				INFOPLIST_FILE = "Testing Sprite/Testing Sprite-Info.plist";
				PRODUCT_NAME = "$(TARGET_NAME)";
				SPRITEKIT_TEXTURE_ATLAS_OUTPUT = YES;
				WRAPPER_EXTENSION = app;
			};
			name = Release;
		};
		86DAB38518B28CE2003477A8 /* Debug */ = {
			isa = XCBuildConfiguration;
			buildSettings = {
				ARCHS = "$(ARCHS_STANDARD_INCLUDING_64_BIT)";
				BUNDLE_LOADER = "$(BUILT_PRODUCTS_DIR)/Testing Sprite.app/Testing Sprite";
				FRAMEWORK_SEARCH_PATHS = (
					"$(SDKROOT)/Developer/Library/Frameworks",
					"$(inherited)",
					"$(DEVELOPER_FRAMEWORKS_DIR)",
				);
				GCC_PRECOMPILE_PREFIX_HEADER = YES;
				GCC_PREFIX_HEADER = "Testing Sprite/Testing Sprite-Prefix.pch";
				GCC_PREPROCESSOR_DEFINITIONS = (
					"DEBUG=1",
					"$(inherited)",
				);
				INFOPLIST_FILE = "Testing SpriteTests/Testing SpriteTests-Info.plist";
				PRODUCT_NAME = "$(TARGET_NAME)";
				TEST_HOST = "$(BUNDLE_LOADER)";
				WRAPPER_EXTENSION = xctest;
			};
			name = Debug;
		};
		86DAB38618B28CE2003477A8 /* Release */ = {
			isa = XCBuildConfiguration;
			buildSettings = {
				ARCHS = "$(ARCHS_STANDARD_INCLUDING_64_BIT)";
				BUNDLE_LOADER = "$(BUILT_PRODUCTS_DIR)/Testing Sprite.app/Testing Sprite";
				FRAMEWORK_SEARCH_PATHS = (
					"$(SDKROOT)/Developer/Library/Frameworks",
					"$(inherited)",
					"$(DEVELOPER_FRAMEWORKS_DIR)",
				);
				GCC_PRECOMPILE_PREFIX_HEADER = YES;
				GCC_PREFIX_HEADER = "Testing Sprite/Testing Sprite-Prefix.pch";
				INFOPLIST_FILE = "Testing SpriteTests/Testing SpriteTests-Info.plist";
				PRODUCT_NAME = "$(TARGET_NAME)";
				TEST_HOST = "$(BUNDLE_LOADER)";
				WRAPPER_EXTENSION = xctest;
			};
			name = Release;
		};
/* End XCBuildConfiguration section */

/* Begin XCConfigurationList section */
		86DAB34318B28CE2003477A8 /* Build configuration list for PBXProject "Testing Sprite" */ = {
			isa = XCConfigurationList;
			buildConfigurations = (
				86DAB37F18B28CE2003477A8 /* Debug */,
				86DAB38018B28CE2003477A8 /* Release */,
			);
			defaultConfigurationIsVisible = 0;
			defaultConfigurationName = Release;
		};
		86DAB38118B28CE2003477A8 /* Build configuration list for PBXNativeTarget "Testing Sprite" */ = {
			isa = XCConfigurationList;
			buildConfigurations = (
				86DAB38218B28CE2003477A8 /* Debug */,
				86DAB38318B28CE2003477A8 /* Release */,
			);
			defaultConfigurationIsVisible = 0;
		};
		86DAB38418B28CE2003477A8 /* Build configuration list for PBXNativeTarget "Testing SpriteTests" */ = {
			isa = XCConfigurationList;
			buildConfigurations = (
				86DAB38518B28CE2003477A8 /* Debug */,
				86DAB38618B28CE2003477A8 /* Release */,
			);
			defaultConfigurationIsVisible = 0;
		};
/* End XCConfigurationList section */
	};
	rootObject = 86DAB34018B28CE2003477A8 /* Project object */;
}
